
Microsoft Visual Studio Solution File, Format Version 12.00
# Visual Studio 15
VisualStudioVersion = 15.0.28010.2050
MinimumVisualStudioVersion = 10.0.40219.1
Project("{FAE04EC0-301F-11D3-BF4B-00C04F79EFBC}") = "Exo1", "Exo1\Exo1.csproj", "{CDAB05C3-F02B-4008-9E05-85BFB3730825}"
EndProject
Project("{FAE04EC0-301F-11D3-BF4B-00C04F79EFBC}") = "Exo2", "Exo2\Exo2.csproj", "{BAC5862E-2B63-4B98-A425-13BB6D413CF4}"
EndProject
Global
	GlobalSection(SolutionConfigurationPlatforms) = preSolution
		Debug|Any CPU = Debug|Any CPU
		Release|Any CPU = Release|Any CPU
	EndGlobalSection
	GlobalSection(ProjectConfigurationPlatforms) = postSolution
		{CDAB05C3-F02B-4008-9E05-85BFB3730825}.Debug|Any CPU.ActiveCfg = Debug|Any CPU
		{CDAB05C3-F02B-4008-9E05-85BFB3730825}.Debug|Any CPU.Build.0 = Debug|Any CPU
		{CDAB05C3-F02B-4008-9E05-85BFB3730825}.Release|Any CPU.ActiveCfg = Release|Any CPU
		{CDAB05C3-F02B-4008-9E05-85BFB3730825}.Release|Any CPU.Build.0 = Release|Any CPU
		{BAC5862E-2B63-4B98-A425-13BB6D413CF4}.Debug|Any CPU.ActiveCfg = Debug|Any CPU
		{BAC5862E-2B63-4B98-A425-13BB6D413CF4}.Debug|Any CPU.Build.0 = Debug|Any CPU
		{BAC5862E-2B63-4B98-A425-13BB6D413CF4}.Release|Any CPU.ActiveCfg = Release|Any CPU
		{BAC5862E-2B63-4B98-A425-13BB6D413CF4}.Release|Any CPU.Build.0 = Release|Any CPU
	EndGlobalSection
	GlobalSection(SolutionProperties) = preSolution
		HideSolutionNode = FALSE
	EndGlobalSection
	GlobalSection(ExtensibilityGlobals) = postSolution
		SolutionGuid = {ACE4E4A5-1D70-4D31-8B9D-8F03CCF6F720}
	EndGlobalSection
EndGlobal
